github.com/bmuller/arrow v0.0.0-20180318014521-b14bfde8dff2 h1:E2REktChbQdUJDG/mVA1wuVG6YXT5+RL36l5DQhhFqc=
github.com/bmuller/arrow v0.0.0-20180318014521-b14bfde8dff2/go.mod h1:+voQMVaya0tr8p3W33Qxj/dKOjZNCepW+k8JJvt91gk=
golang.org/x/text v0.9.0 h1:2sjJmO8cDvYveuX97RDLsxlyUxLl+GHoLxBiRdHllBE=
golang.org/x/text v0.9.0/go.mod h1:e1OnstbJyHTd6l/uOt8jFFHp6TRDWZR/bV3emEE/zU8=
